
Microsoft Visual Studio Solution File, Format Version 12.00
# Visual Studio 15
VisualStudioVersion = 15.0.28307.168
MinimumVisualStudioVersion = 10.0.40219.1
Project("{FAE04EC0-301F-11D3-BF4B-00C04F79EFBC}") = "ConsoleApp4", "ConsoleApp4\ConsoleApp4.csproj", "{A1DC9AFA-4157-408D-9ED0-7F0657A76CAA}"
EndProject
Global
	GlobalSection(SolutionConfigurationPlatforms) = preSolution
		Debug|Any CPU = Debug|Any CPU
		Release|Any CPU = Release|Any CPU
	EndGlobalSection
	GlobalSection(ProjectConfigurationPlatforms) = postSolution
		{A1DC9AFA-4157-408D-9ED0-7F0657A76CAA}.Debug|Any CPU.ActiveCfg = Debug|Any CPU
		{A1DC9AFA-4157-408D-9ED0-7F0657A76CAA}.Debug|Any CPU.Build.0 = Debug|Any CPU
		{A1DC9AFA-4157-408D-9ED0-7F0657A76CAA}.Release|Any CPU.ActiveCfg = Release|Any CPU
		{A1DC9AFA-4157-408D-9ED0-7F0657A76CAA}.Release|Any CPU.Build.0 = Release|Any CPU
	EndGlobalSection
	GlobalSection(SolutionProperties) = preSolution
		HideSolutionNode = FALSE
	EndGlobalSection
	GlobalSection(ExtensibilityGlobals) = postSolution
		SolutionGuid = {AA263523-A72C-42BC-A47C-D33DBD29FCD2}
	EndGlobalSection
EndGlobal
